
Microsoft Visual Studio Solution File, Format Version 12.00
# Visual Studio 15
VisualStudioVersion = 15.0.28307.421
MinimumVisualStudioVersion = 10.0.40219.1
Project("{FAE04EC0-301F-11D3-BF4B-00C04F79EFBC}") = "RemainingDownloadTimeCalculator", "RemainingDownloadTimeCalculator\RemainingDownloadTimeCalculator.csproj", "{8FC83804-BFA8-4575-8C5E-91F57707694F}"
EndProject
Global
	GlobalSection(SolutionConfigurationPlatforms) = preSolution
		Debug|Any CPU = Debug|Any CPU
		Release|Any CPU = Release|Any CPU
	EndGlobalSection
	GlobalSection(ProjectConfigurationPlatforms) = postSolution
		{8FC83804-BFA8-4575-8C5E-91F57707694F}.Debug|Any CPU.ActiveCfg = Debug|Any CPU
		{8FC83804-BFA8-4575-8C5E-91F57707694F}.Debug|Any CPU.Build.0 = Debug|Any CPU
		{8FC83804-BFA8-4575-8C5E-91F57707694F}.Release|Any CPU.ActiveCfg = Release|Any CPU
		{8FC83804-BFA8-4575-8C5E-91F57707694F}.Release|Any CPU.Build.0 = Release|Any CPU
	EndGlobalSection
	GlobalSection(SolutionProperties) = preSolution
		HideSolutionNode = FALSE
	EndGlobalSection
	GlobalSection(ExtensibilityGlobals) = postSolution
		SolutionGuid = {167AC779-D302-4FD0-A34D-2F013884AE47}
	EndGlobalSection
EndGlobal
